
Microsoft Visual Studio Solution File, Format Version 12.00
# Visual Studio Version 17
VisualStudioVersion = 17.0.31903.59
MinimumVisualStudioVersion = 10.0.40219.1
Project("{F2A71F9B-5D33-465A-A702-920D77279786}") = "Main", "src\Main.fsproj", "{E682DC01-4FED-47C7-AFCF-2A50E391A579}"
EndProject
Project("{F2A71F9B-5D33-465A-A702-920D77279786}") = "Tests", "tests\Tests.fsproj", "{7DD568F3-03B4-4521-B03E-8A1BEBF0469D}"
EndProject
Global
	GlobalSection(SolutionConfigurationPlatforms) = preSolution
		Debug|Any CPU = Debug|Any CPU
		Release|Any CPU = Release|Any CPU
	EndGlobalSection
	GlobalSection(SolutionProperties) = preSolution
		HideSolutionNode = FALSE
	EndGlobalSection
	GlobalSection(ProjectConfigurationPlatforms) = postSolution
		{E682DC01-4FED-47C7-AFCF-2A50E391A579}.Debug|Any CPU.ActiveCfg = Debug|Any CPU
		{E682DC01-4FED-47C7-AFCF-2A50E391A579}.Debug|Any CPU.Build.0 = Debug|Any CPU
		{E682DC01-4FED-47C7-AFCF-2A50E391A579}.Release|Any CPU.ActiveCfg = Release|Any CPU
		{E682DC01-4FED-47C7-AFCF-2A50E391A579}.Release|Any CPU.Build.0 = Release|Any CPU
		{7DD568F3-03B4-4521-B03E-8A1BEBF0469D}.Debug|Any CPU.ActiveCfg = Debug|Any CPU
		{7DD568F3-03B4-4521-B03E-8A1BEBF0469D}.Debug|Any CPU.Build.0 = Debug|Any CPU
		{7DD568F3-03B4-4521-B03E-8A1BEBF0469D}.Release|Any CPU.ActiveCfg = Release|Any CPU
		{7DD568F3-03B4-4521-B03E-8A1BEBF0469D}.Release|Any CPU.Build.0 = Release|Any CPU
	EndGlobalSection
EndGlobal
